// !$*UTF8*$!
{
	archiveVersion = 1;
	classes = {
	};
	objectVersion = 46;
	objects = {

/* Begin PBXBuildFile section */
		7DEE2E0E1815194800B41C0B /* Foundation.framework in Frameworks */ = {isa = PBXBuildFile; fileRef = 7DEE2E0D1815194800B41C0B /* Foundation.framework */; };
		7DEE2E101815194800B41C0B /* CoreGraphics.framework in Frameworks */ = {isa = PBXBuildFile; fileRef = 7DEE2E0F1815194800B41C0B /* CoreGraphics.framework */; };
		7DEE2E121815194800B41C0B /* UIKit.framework in Frameworks */ = {isa = PBXBuildFile; fileRef = 7DEE2E111815194800B41C0B /* UIKit.framework */; };
		7DEE2E181815194800B41C0B /* InfoPlist.strings in Resources */ = {isa = PBXBuildFile; fileRef = 7DEE2E161815194800B41C0B /* InfoPlist.strings */; };
		7DEE2E1A1815194800B41C0B /* main.m in Sources */ = {isa = PBXBuildFile; fileRef = 7DEE2E191815194800B41C0B /* main.m */; };
		7DEE2E1E1815194800B41C0B /* UCAppDelegate.m in Sources */ = {isa = PBXBuildFile; fileRef = 7DEE2E1D1815194800B41C0B /* UCAppDelegate.m */; };
		7DEE2E211815194800B41C0B /* Main.storyboard in Resources */ = {isa = PBXBuildFile; fileRef = 7DEE2E1F1815194800B41C0B /* Main.storyboard */; };
		7DEE2E261815194800B41C0B /* Images.xcassets in Resources */ = {isa = PBXBuildFile; fileRef = 7DEE2E251815194800B41C0B /* Images.xcassets */; };
		7DEE2E2D1815194900B41C0B /* XCTest.framework in Frameworks */ = {isa = PBXBuildFile; fileRef = 7DEE2E2C1815194900B41C0B /* XCTest.framework */; };
		7DEE2E2E1815194900B41C0B /* Foundation.framework in Frameworks */ = {isa = PBXBuildFile; fileRef = 7DEE2E0D1815194800B41C0B /* Foundation.framework */; };
		7DEE2E2F1815194900B41C0B /* UIKit.framework in Frameworks */ = {isa = PBXBuildFile; fileRef = 7DEE2E111815194800B41C0B /* UIKit.framework */; };
		7DEE2E371815194900B41C0B /* InfoPlist.strings in Resources */ = {isa = PBXBuildFile; fileRef = 7DEE2E351815194900B41C0B /* InfoPlist.strings */; };
		7DEE2E391815194900B41C0B /* UITableViewController_Challenge_SolutionTests.m in Sources */ = {isa = PBXBuildFile; fileRef = 7DEE2E381815194900B41C0B /* UITableViewController_Challenge_SolutionTests.m */; };
		7DEE2E4418151F4E00B41C0B /* UCUITableViewController.m in Sources */ = {isa = PBXBuildFile; fileRef = 7DEE2E4318151F4E00B41C0B /* UCUITableViewController.m */; };
/* End PBXBuildFile section */

/* Begin PBXContainerItemProxy section */
		7DEE2E301815194900B41C0B /* PBXContainerItemProxy */ = {
			isa = PBXContainerItemProxy;
			containerPortal = 7DEE2E021815194800B41C0B /* Project object */;
			proxyType = 1;
			remoteGlobalIDString = 7DEE2E091815194800B41C0B;
			remoteInfo = "UITableViewController Challenge Solution";
		};
/* End PBXContainerItemProxy section */

/* Begin PBXFileReference section */
		7DEE2E0A1815194800B41C0B /* UITableViewController Challenge Solution.app */ = {isa = PBXFileReference; explicitFileType = wrapper.application; includeInIndex = 0; path = "UITableViewController Challenge Solution.app"; sourceTree = BUILT_PRODUCTS_DIR; };
		7DEE2E0D1815194800B41C0B /* Foundation.framework */ = {isa = PBXFileReference; lastKnownFileType = wrapper.framework; name = Foundation.framework; path = System/Library/Frameworks/Foundation.framework; sourceTree = SDKROOT; };
		7DEE2E0F1815194800B41C0B /* CoreGraphics.framework */ = {isa = PBXFileReference; lastKnownFileType = wrapper.framework; name = CoreGraphics.framework; path = System/Library/Frameworks/CoreGraphics.framework; sourceTree = SDKROOT; };
		7DEE2E111815194800B41C0B /* UIKit.framework */ = {isa = PBXFileReference; lastKnownFileType = wrapper.framework; name = UIKit.framework; path = System/Library/Frameworks/UIKit.framework; sourceTree = SDKROOT; };
		7DEE2E151815194800B41C0B /* UITableViewController Challenge Solution-Info.plist */ = {isa = PBXFileReference; lastKnownFileType = text.plist.xml; path = "UITableViewController Challenge Solution-Info.plist"; sourceTree = "<group>"; };
		7DEE2E171815194800B41C0B /* en */ = {isa = PBXFileReference; lastKnownFileType = text.plist.strings; name = en; path = en.lproj/InfoPlist.strings; sourceTree = "<group>"; };
		7DEE2E191815194800B41C0B /* main.m */ = {isa = PBXFileReference; lastKnownFileType = sourcecode.c.objc; path = main.m; sourceTree = "<group>"; };
		7DEE2E1B1815194800B41C0B /* UITableViewController Challenge Solution-Prefix.pch */ = {isa = PBXFileReference; lastKnownFileType = sourcecode.c.h; path = "UITableViewController Challenge Solution-Prefix.pch"; sourceTree = "<group>"; };
		7DEE2E1C1815194800B41C0B /* UCAppDelegate.h */ = {isa = PBXFileReference; lastKnownFileType = sourcecode.c.h; path = UCAppDelegate.h; sourceTree = "<group>"; };
		7DEE2E1D1815194800B41C0B /* UCAppDelegate.m */ = {isa = PBXFileReference; lastKnownFileType = sourcecode.c.objc; path = UCAppDelegate.m; sourceTree = "<group>"; };
		7DEE2E201815194800B41C0B /* Base */ = {isa = PBXFileReference; lastKnownFileType = file.storyboard; name = Base; path = Base.lproj/Main.storyboard; sourceTree = "<group>"; };
		7DEE2E251815194800B41C0B /* Images.xcassets */ = {isa = PBXFileReference; lastKnownFileType = folder.assetcatalog; path = Images.xcassets; sourceTree = "<group>"; };
		7DEE2E2B1815194900B41C0B /* UITableViewController Challenge SolutionTests.xctest */ = {isa = PBXFileReference; explicitFileType = wrapper.cfbundle; includeInIndex = 0; path = "UITableViewController Challenge SolutionTests.xctest"; sourceTree = BUILT_PRODUCTS_DIR; };
		7DEE2E2C1815194900B41C0B /* XCTest.framework */ = {isa = PBXFileReference; lastKnownFileType = wrapper.framework; name = XCTest.framework; path = Library/Frameworks/XCTest.framework; sourceTree = DEVELOPER_DIR; };
		7DEE2E341815194900B41C0B /* UITableViewController Challenge SolutionTests-Info.plist */ = {isa = PBXFileReference; lastKnownFileType = text.plist.xml; path = "UITableViewController Challenge SolutionTests-Info.plist"; sourceTree = "<group>"; };
		7DEE2E361815194900B41C0B /* en */ = {isa = PBXFileReference; lastKnownFileType = text.plist.strings; name = en; path = en.lproj/InfoPlist.strings; sourceTree = "<group>"; };
		7DEE2E381815194900B41C0B /* UITableViewController_Challenge_SolutionTests.m */ = {isa = PBXFileReference; lastKnownFileType = sourcecode.c.objc; path = UITableViewController_Challenge_SolutionTests.m; sourceTree = "<group>"; };
		7DEE2E4218151F4E00B41C0B /* UCUITableViewController.h */ = {isa = PBXFileReference; fileEncoding = 4; lastKnownFileType = sourcecode.c.h; path = UCUITableViewController.h; sourceTree = "<group>"; };
		7DEE2E4318151F4E00B41C0B /* UCUITableViewController.m */ = {isa = PBXFileReference; fileEncoding = 4; lastKnownFileType = sourcecode.c.objc; path = UCUITableViewController.m; sourceTree = "<group>"; };
/* End PBXFileReference section */

/* Begin PBXFrameworksBuildPhase section */
		7DEE2E071815194800B41C0B /* Frameworks */ = {
			isa = PBXFrameworksBuildPhase;
			buildActionMask = 2147483647;
			files = (
				7DEE2E101815194800B41C0B /* CoreGraphics.framework in Frameworks */,
				7DEE2E121815194800B41C0B /* UIKit.framework in Frameworks */,
				7DEE2E0E1815194800B41C0B /* Foundation.framework in Frameworks */,
			);
			runOnlyForDeploymentPostprocessing = 0;
		};
		7DEE2E281815194900B41C0B /* Frameworks */ = {
			isa = PBXFrameworksBuildPhase;
			buildActionMask = 2147483647;
			files = (
				7DEE2E2D1815194900B41C0B /* XCTest.framework in Frameworks */,
				7DEE2E2F1815194900B41C0B /* UIKit.framework in Frameworks */,
				7DEE2E2E1815194900B41C0B /* Foundation.framework in Frameworks */,
			);
			runOnlyForDeploymentPostprocessing = 0;
		};
/* End PBXFrameworksBuildPhase section */

/* Begin PBXGroup section */
		7DEE2E011815194800B41C0B = {
			isa = PBXGroup;
			children = (
				7DEE2E131815194800B41C0B /* UITableViewController Challenge Solution */,
				7DEE2E321815194900B41C0B /* UITableViewController Challenge SolutionTests */,
				7DEE2E0C1815194800B41C0B /* Frameworks */,
				7DEE2E0B1815194800B41C0B /* Products */,
			);
			sourceTree = "<group>";
		};
		7DEE2E0B1815194800B41C0B /* Products */ = {
			isa = PBXGroup;
			children = (
				7DEE2E0A1815194800B41C0B /* UITableViewController Challenge Solution.app */,
				7DEE2E2B1815194900B41C0B /* UITableViewController Challenge SolutionTests.xctest */,
			);
			name = Products;
			sourceTree = "<group>";
		};
		7DEE2E0C1815194800B41C0B /* Frameworks */ = {
			isa = PBXGroup;
			children = (
				7DEE2E0D1815194800B41C0B /* Foundation.framework */,
				7DEE2E0F1815194800B41C0B /* CoreGraphics.framework */,
				7DEE2E111815194800B41C0B /* UIKit.framework */,
				7DEE2E2C1815194900B41C0B /* XCTest.framework */,
			);
			name = Frameworks;
			sourceTree = "<group>";
		};
		7DEE2E131815194800B41C0B /* UITableViewController Challenge Solution */ = {
			isa = PBXGroup;
			children = (
				7DEE2E4218151F4E00B41C0B /* UCUITableViewController.h */,
				7DEE2E4318151F4E00B41C0B /* UCUITableViewController.m */,
				7DEE2E1C1815194800B41C0B /* UCAppDelegate.h */,
				7DEE2E1D1815194800B41C0B /* UCAppDelegate.m */,
				7DEE2E1F1815194800B41C0B /* Main.storyboard */,
				7DEE2E251815194800B41C0B /* Images.xcassets */,
				7DEE2E141815194800B41C0B /* Supporting Files */,
			);
			path = "UITableViewController Challenge Solution";
			sourceTree = "<group>";
		};
		7DEE2E141815194800B41C0B /* Supporting Files */ = {
			isa = PBXGroup;
			children = (
				7DEE2E151815194800B41C0B /* UITableViewController Challenge Solution-Info.plist */,
				7DEE2E161815194800B41C0B /* InfoPlist.strings */,
				7DEE2E191815194800B41C0B /* main.m */,
				7DEE2E1B1815194800B41C0B /* UITableViewController Challenge Solution-Prefix.pch */,
			);
			name = "Supporting Files";
			sourceTree = "<group>";
		};
		7DEE2E321815194900B41C0B /* UITableViewController Challenge SolutionTests */ = {
			isa = PBXGroup;
			children = (
				7DEE2E381815194900B41C0B /* UITableViewController_Challenge_SolutionTests.m */,
				7DEE2E331815194900B41C0B /* Supporting Files */,
			);
			path = "UITableViewController Challenge SolutionTests";
			sourceTree = "<group>";
		};
		7DEE2E331815194900B41C0B /* Supporting Files */ = {
			isa = PBXGroup;
			children = (
				7DEE2E341815194900B41C0B /* UITableViewController Challenge SolutionTests-Info.plist */,
				7DEE2E351815194900B41C0B /* InfoPlist.strings */,
			);
			name = "Supporting Files";
			sourceTree = "<group>";
		};
/* End PBXGroup section */

/* Begin PBXNativeTarget section */
		7DEE2E091815194800B41C0B /* UITableViewController Challenge Solution */ = {
			isa = PBXNativeTarget;
			buildConfigurationList = 7DEE2E3C1815194900B41C0B /* Build configuration list for PBXNativeTarget "UITableViewController Challenge Solution" */;
			buildPhases = (
				7DEE2E061815194800B41C0B /* Sources */,
				7DEE2E071815194800B41C0B /* Frameworks */,
				7DEE2E081815194800B41C0B /* Resources */,
			);
			buildRules = (
			);
			dependencies = (
			);
			name = "UITableViewController Challenge Solution";
			productName = "UITableViewController Challenge Solution";
			productReference = 7DEE2E0A1815194800B41C0B /* UITableViewController Challenge Solution.app */;
			productType = "com.apple.product-type.application";
		};
		7DEE2E2A1815194900B41C0B /* UITableViewController Challenge SolutionTests */ = {
			isa = PBXNativeTarget;
			buildConfigurationList = 7DEE2E3F1815194900B41C0B /* Build configuration list for PBXNativeTarget "UITableViewController Challenge SolutionTests" */;
			buildPhases = (
				7DEE2E271815194900B41C0B /* Sources */,
				7DEE2E281815194900B41C0B /* Frameworks */,
				7DEE2E291815194900B41C0B /* Resources */,
			);
			buildRules = (
			);
			dependencies = (
				7DEE2E311815194900B41C0B /* PBXTargetDependency */,
			);
			name = "UITableViewController Challenge SolutionTests";
			productName = "UITableViewController Challenge SolutionTests";
			productReference = 7DEE2E2B1815194900B41C0B /* UITableViewController Challenge SolutionTests.xctest */;
			productType = "com.apple.product-type.bundle.unit-test";
		};
/* End PBXNativeTarget section */

/* Begin PBXProject section */
		7DEE2E021815194800B41C0B /* Project object */ = {
			isa = PBXProject;
			attributes = {
				CLASSPREFIX = UC;
				LastUpgradeCheck = 0500;
				ORGANIZATIONNAME = "Jimzy Lui";
				TargetAttributes = {
					7DEE2E2A1815194900B41C0B = {
						TestTargetID = 7DEE2E091815194800B41C0B;
					};
				};
			};
			buildConfigurationList = 7DEE2E051815194800B41C0B /* Build configuration list for PBXProject "UITableViewController Challenge Solution" */;
			compatibilityVersion = "Xcode 3.2";
			developmentRegion = English;
			hasScannedForEncodings = 0;
			knownRegions = (
				en,
				Base,
			);
			mainGroup = 7DEE2E011815194800B41C0B;
			productRefGroup = 7DEE2E0B1815194800B41C0B /* Products */;
			projectDirPath = "";
			projectRoot = "";
			targets = (
				7DEE2E091815194800B41C0B /* UITableViewController Challenge Solution */,
				7DEE2E2A1815194900B41C0B /* UITableViewController Challenge SolutionTests */,
			);
		};
/* End PBXProject section */

/* Begin PBXResourcesBuildPhase section */
		7DEE2E081815194800B41C0B /* Resources */ = {
			isa = PBXResourcesBuildPhase;
			buildActionMask = 2147483647;
			files = (
				7DEE2E261815194800B41C0B /* Images.xcassets in Resources */,
				7DEE2E181815194800B41C0B /* InfoPlist.strings in Resources */,
				7DEE2E211815194800B41C0B /* Main.storyboard in Resources */,
			);
			runOnlyForDeploymentPostprocessing = 0;
		};
		7DEE2E291815194900B41C0B /* Resources */ = {
			isa = PBXResourcesBuildPhase;
			buildActionMask = 2147483647;
			files = (
				7DEE2E371815194900B41C0B /* InfoPlist.strings in Resources */,
			);
			runOnlyForDeploymentPostprocessing = 0;
		};
/* End PBXResourcesBuildPhase section */

/* Begin PBXSourcesBuildPhase section */
		7DEE2E061815194800B41C0B /* Sources */ = {
			isa = PBXSourcesBuildPhase;
			buildActionMask = 2147483647;
			files = (
				7DEE2E4418151F4E00B41C0B /* UCUITableViewController.m in Sources */,
				7DEE2E1E1815194800B41C0B /* UCAppDelegate.m in Sources */,
				7DEE2E1A1815194800B41C0B /* main.m in Sources */,
			);
			runOnlyForDeploymentPostprocessing = 0;
		};
		7DEE2E271815194900B41C0B /* Sources */ = {
			isa = PBXSourcesBuildPhase;
			buildActionMask = 2147483647;
			files = (
				7DEE2E391815194900B41C0B /* UITableViewController_Challenge_SolutionTests.m in Sources */,
			);
			runOnlyForDeploymentPostprocessing = 0;
		};
/* End PBXSourcesBuildPhase section */

/* Begin PBXTargetDependency section */
		7DEE2E311815194900B41C0B /* PBXTargetDependency */ = {
			isa = PBXTargetDependency;
			target = 7DEE2E091815194800B41C0B /* UITableViewController Challenge Solution */;
			targetProxy = 7DEE2E301815194900B41C0B /* PBXContainerItemProxy */;
		};
/* End PBXTargetDependency section */

/* Begin PBXVariantGroup section */
		7DEE2E161815194800B41C0B /* InfoPlist.strings */ = {
			isa = PBXVariantGroup;
			children = (
				7DEE2E171815194800B41C0B /* en */,
			);
			name = InfoPlist.strings;
			sourceTree = "<group>";
		};
		7DEE2E1F1815194800B41C0B /* Main.storyboard */ = {
			isa = PBXVariantGroup;
			children = (
				7DEE2E201815194800B41C0B /* Base */,
			);
			name = Main.storyboard;
			sourceTree = "<group>";
		};
		7DEE2E351815194900B41C0B /* InfoPlist.strings */ = {
			isa = PBXVariantGroup;
			children = (
				7DEE2E361815194900B41C0B /* en */,
			);
			name = InfoPlist.strings;
			sourceTree = "<group>";
		};
/* End PBXVariantGroup section */

/* Begin XCBuildConfiguration section */
		7DEE2E3A1815194900B41C0B /* Debug */ = {
			isa = XCBuildConfiguration;
			buildSettings = {
				ALWAYS_SEARCH_USER_PATHS = NO;
				ARCHS = "$(ARCHS_STANDARD_INCLUDING_64_BIT)";
				CLANG_CXX_LANGUAGE_STANDARD = "gnu++0x";
				CLANG_CXX_LIBRARY = "libc++";
				CLANG_ENABLE_MODULES = YES;
				CLANG_ENABLE_OBJC_ARC = YES;
				CLANG_WARN_BOOL_CONVERSION = YES;
				CLANG_WARN_CONSTANT_CONVERSION = YES;
				CLANG_WARN_DIRECT_OBJC_ISA_USAGE = YES_ERROR;
				CLANG_WARN_EMPTY_BODY = YES;
				CLANG_WARN_ENUM_CONVERSION = YES;
				CLANG_WARN_INT_CONVERSION = YES;
				CLANG_WARN_OBJC_ROOT_CLASS = YES_ERROR;
				CLANG_WARN__DUPLICATE_METHOD_MATCH = YES;
				"CODE_SIGN_IDENTITY[sdk=iphoneos*]" = "iPhone Developer";
				COPY_PHASE_STRIP = NO;
				GCC_C_LANGUAGE_STANDARD = gnu99;
				GCC_DYNAMIC_NO_PIC = NO;
				GCC_OPTIMIZATION_LEVEL = 0;
				GCC_PREPROCESSOR_DEFINITIONS = (
					"DEBUG=1",
					"$(inherited)",
				);
				GCC_SYMBOLS_PRIVATE_EXTERN = NO;
				GCC_WARN_64_TO_32_BIT_CONVERSION = YES;
				GCC_WARN_ABOUT_RETURN_TYPE = YES_ERROR;
				GCC_WARN_UNDECLARED_SELECTOR = YES;
				GCC_WARN_UNINITIALIZED_AUTOS = YES;
				GCC_WARN_UNUSED_FUNCTION = YES;
				GCC_WARN_UNUSED_VARIABLE = YES;
				IPHONEOS_DEPLOYMENT_TARGET = 7.0;
				ONLY_ACTIVE_ARCH = YES;
				SDKROOT = iphoneos;
			};
			name = Debug;
		};
		7DEE2E3B1815194900B41C0B /* Release */ = {
			isa = XCBuildConfiguration;
			buildSettings = {
				ALWAYS_SEARCH_USER_PATHS = NO;
				ARCHS = "$(ARCHS_STANDARD_INCLUDING_64_BIT)";
				CLANG_CXX_LANGUAGE_STANDARD = "gnu++0x";
				CLANG_CXX_LIBRARY = "libc++";
				CLANG_ENABLE_MODULES = YES;
				CLANG_ENABLE_OBJC_ARC = YES;
				CLANG_WARN_BOOL_CONVERSION = YES;
				CLANG_WARN_CONSTANT_CONVERSION = YES;
				CLANG_WARN_DIRECT_OBJC_ISA_USAGE = YES_ERROR;
				CLANG_WARN_EMPTY_BODY = YES;
				CLANG_WARN_ENUM_CONVERSION = YES;
				CLANG_WARN_INT_CONVERSION = YES;
				CLANG_WARN_OBJC_ROOT_CLASS = YES_ERROR;
				CLANG_WARN__DUPLICATE_METHOD_MATCH = YES;
				"CODE_SIGN_IDENTITY[sdk=iphoneos*]" = "iPhone Developer";
				COPY_PHASE_STRIP = YES;
				ENABLE_NS_ASSERTIONS = NO;
				GCC_C_LANGUAGE_STANDARD = gnu99;
				GCC_WARN_64_TO_32_BIT_CONVERSION = YES;
				GCC_WARN_ABOUT_RETURN_TYPE = YES_ERROR;
				GCC_WARN_UNDECLARED_SELECTOR = YES;
				GCC_WARN_UNINITIALIZED_AUTOS = YES;
				GCC_WARN_UNUSED_FUNCTION = YES;
				GCC_WARN_UNUSED_VARIABLE = YES;
				IPHONEOS_DEPLOYMENT_TARGET = 7.0;
				SDKROOT = iphoneos;
				VALIDATE_PRODUCT = YES;
			};
			name = Release;
		};
		7DEE2E3D1815194900B41C0B /* Debug */ = {
			isa = XCBuildConfiguration;
			buildSettings = {
				ASSETCATALOG_COMPILER_APPICON_NAME = AppIcon;
				ASSETCATALOG_COMPILER_LAUNCHIMAGE_NAME = LaunchImage;
				GCC_PRECOMPILE_PREFIX_HEADER = YES;
				GCC_PREFIX_HEADER = "UITableViewController Challenge Solution/UITableViewController Challenge Solution-Prefix.pch";
				INFOPLIST_FILE = "UITableViewController Challenge Solution/UITableViewController Challenge Solution-Info.plist";
				PRODUCT_NAME = "$(TARGET_NAME)";
				WRAPPER_EXTENSION = app;
			};
			name = Debug;
		};
		7DEE2E3E1815194900B41C0B /* Release */ = {
			isa = XCBuildConfiguration;
			buildSettings = {
				ASSETCATALOG_COMPILER_APPICON_NAME = AppIcon;
				ASSETCATALOG_COMPILER_LAUNCHIMAGE_NAME = LaunchImage;
				GCC_PRECOMPILE_PREFIX_HEADER = YES;
				GCC_PREFIX_HEADER = "UITableViewController Challenge Solution/UITableViewController Challenge Solution-Prefix.pch";
				INFOPLIST_FILE = "UITableViewController Challenge Solution/UITableViewController Challenge Solution-Info.plist";
				PRODUCT_NAME = "$(TARGET_NAME)";
				WRAPPER_EXTENSION = app;
			};
			name = Release;
		};
		7DEE2E401815194900B41C0B /* Debug */ = {
			isa = XCBuildConfiguration;
			buildSettings = {
				ARCHS = "$(ARCHS_STANDARD_INCLUDING_64_BIT)";
				BUNDLE_LOADER = "$(BUILT_PRODUCTS_DIR)/UITableViewController Challenge Solution.app/UITableViewController Challenge Solution";
				FRAMEWORK_SEARCH_PATHS = (
					"$(SDKROOT)/Developer/Library/Frameworks",
					"$(inherited)",
					"$(DEVELOPER_FRAMEWORKS_DIR)",
				);
				GCC_PRECOMPILE_PREFIX_HEADER = YES;
				GCC_PREFIX_HEADER = "UITableViewController Challenge Solution/UITableViewController Challenge Solution-Prefix.pch";
				GCC_PREPROCESSOR_DEFINITIONS = (
					"DEBUG=1",
					"$(inherited)",
				);
				INFOPLIST_FILE = "UITableViewController Challenge SolutionTests/UITableViewController Challenge SolutionTests-Info.plist";
				PRODUCT_NAME = "$(TARGET_NAME)";
				TEST_HOST = "$(BUNDLE_LOADER)";
				WRAPPER_EXTENSION = xctest;
			};
			name = Debug;
		};
		7DEE2E411815194900B41C0B /* Release */ = {
			isa = XCBuildConfiguration;
			buildSettings = {
				ARCHS = "$(ARCHS_STANDARD_INCLUDING_64_BIT)";
				BUNDLE_LOADER = "$(BUILT_PRODUCTS_DIR)/UITableViewController Challenge Solution.app/UITableViewController Challenge Solution";
				FRAMEWORK_SEARCH_PATHS = (
					"$(SDKROOT)/Developer/Library/Frameworks",
					"$(inherited)",
					"$(DEVELOPER_FRAMEWORKS_DIR)",
				);
				GCC_PRECOMPILE_PREFIX_HEADER = YES;
				GCC_PREFIX_HEADER = "UITableViewController Challenge Solution/UITableViewController Challenge Solution-Prefix.pch";
				INFOPLIST_FILE = "UITableViewController Challenge SolutionTests/UITableViewController Challenge SolutionTests-Info.plist";
				PRODUCT_NAME = "$(TARGET_NAME)";
				TEST_HOST = "$(BUNDLE_LOADER)";
				WRAPPER_EXTENSION = xctest;
			};
			name = Release;
		};
/* End XCBuildConfiguration section */

/* Begin XCConfigurationList section */
		7DEE2E051815194800B41C0B /* Build configuration list for PBXProject "UITableViewController Challenge Solution" */ = {
			isa = XCConfigurationList;
			buildConfigurations = (
				7DEE2E3A1815194900B41C0B /* Debug */,
				7DEE2E3B1815194900B41C0B /* Release */,
			);
			defaultConfigurationIsVisible = 0;
			defaultConfigurationName = Release;
		};
		7DEE2E3C1815194900B41C0B /* Build configuration list for PBXNativeTarget "UITableViewController Challenge Solution" */ = {
			isa = XCConfigurationList;
			buildConfigurations = (
				7DEE2E3D1815194900B41C0B /* Debug */,
				7DEE2E3E1815194900B41C0B /* Release */,
			);
			defaultConfigurationIsVisible = 0;
		};
		7DEE2E3F1815194900B41C0B /* Build configuration list for PBXNativeTarget "UITableViewController Challenge SolutionTests" */ = {
			isa = XCConfigurationList;
			buildConfigurations = (
				7DEE2E401815194900B41C0B /* Debug */,
				7DEE2E411815194900B41C0B /* Release */,
			);
			defaultConfigurationIsVisible = 0;
		};
/* End XCConfigurationList section */
	};
	rootObject = 7DEE2E021815194800B41C0B /* Project object */;
}
